
Microsoft Visual Studio Solution File, Format Version 12.00
# Visual Studio 15
VisualStudioVersion = 15.0.28307.572
MinimumVisualStudioVersion = 10.0.40219.1
Project("{888888A0-9F3D-457C-B088-3A5042F75D52}") = "DataStructures_Algorithms", "DataStructures_Algorithms\DataStructures_Algorithms.pyproj", "{6A6A6B71-1169-42D8-BAE5-934207C37B5B}"
EndProject
Global
	GlobalSection(SolutionConfigurationPlatforms) = preSolution
		Debug|Any CPU = Debug|Any CPU
		Release|Any CPU = Release|Any CPU
	EndGlobalSection
	GlobalSection(ProjectConfigurationPlatforms) = postSolution
		{6A6A6B71-1169-42D8-BAE5-934207C37B5B}.Debug|Any CPU.ActiveCfg = Debug|Any CPU
		{6A6A6B71-1169-42D8-BAE5-934207C37B5B}.Release|Any CPU.ActiveCfg = Release|Any CPU
	EndGlobalSection
	GlobalSection(SolutionProperties) = preSolution
		HideSolutionNode = FALSE
	EndGlobalSection
	GlobalSection(ExtensibilityGlobals) = postSolution
		SolutionGuid = {CAA90115-9276-41C1-8617-8A290BE4A9D4}
	EndGlobalSection
EndGlobal
